{
  "name": "is-cron-editor",
  "version": "7.0.1",
  "lockfileVersion": 1,
  "requires": true,
  "dependencies": {
    "is-metronic": {
      "version": "file:../../package/is-metronic-7.0.4.tgz",
      "integrity": "sha512-j1dxegglTAtV6BkB3vS3xJWunTYn+hsTw4zNXl0gVO5FpWSXCOsUz9yc2rsn1YqDx+vKkLkqi4m1OL4TUWxOqQ==",
      "dev": true,
      "requires": {
        "tslib": "^1.9.0"
      }
    },
    "is-select": {
      "version": "file:../../package/is-select-7.0.27.tgz",
      "integrity": "sha512-7ttVKQVtHf7OlchRJkWF8dmHQJ97oS482pShnHlpLKH26bm5ebIpICPETXf9zmBFWynDho6AH9xYnbdW0mi3CA==",
      "dev": true,
      "requires": {
        "tslib": "^1.9.0"
      }
    },
    "is-selectpicker": {
      "version": "file:../../package/is-selectpicker-7.1.6.tgz",
      "integrity": "sha512-xUhwmpvCawBFfnARLctRLoX4goYlm0t+s3rokkYK0a3wMaUbS0rPpEv/clDoyF8IU2OSzJrRCnV1Pmrn723uIQ==",
      "dev": true,
      "requires": {
        "tslib": "^1.9.0"
      }
    },
    "tslib": {
      "version": "1.10.0",
      "resolved": "https://registry.npmjs.org/tslib/-/tslib-1.10.0.tgz",
      "integrity": "sha512-qOebF53frne81cf0S9B41ByenJ3/IuH8yJKngAX35CmiZySA0khhkovshKK+jGCaMnVomla7gVlIcc3EvKPbTQ==",
      "dev": true
    }
  }
}
